
Microsoft Visual Studio Solution File, Format Version 12.00
# Visual Studio 15
VisualStudioVersion = 15.0.27428.2015
MinimumVisualStudioVersion = 10.0.40219.1
Project("{FAE04EC0-301F-11D3-BF4B-00C04F79EFBC}") = "mvcReg", "mvcReg\mvcReg.csproj", "{51E201E3-4A83-4248-8D2B-A697C0008D8B}"
EndProject
Global
	GlobalSection(SolutionConfigurationPlatforms) = preSolution
		Debug|Any CPU = Debug|Any CPU
		Release|Any CPU = Release|Any CPU
	EndGlobalSection
	GlobalSection(ProjectConfigurationPlatforms) = postSolution
		{51E201E3-4A83-4248-8D2B-A697C0008D8B}.Debug|Any CPU.ActiveCfg = Debug|Any CPU
		{51E201E3-4A83-4248-8D2B-A697C0008D8B}.Debug|Any CPU.Build.0 = Debug|Any CPU
		{51E201E3-4A83-4248-8D2B-A697C0008D8B}.Release|Any CPU.ActiveCfg = Release|Any CPU
		{51E201E3-4A83-4248-8D2B-A697C0008D8B}.Release|Any CPU.Build.0 = Release|Any CPU
	EndGlobalSection
	GlobalSection(SolutionProperties) = preSolution
		HideSolutionNode = FALSE
	EndGlobalSection
	GlobalSection(ExtensibilityGlobals) = postSolution
		SolutionGuid = {3AD70256-2366-472E-8D63-13620AA257D6}
	EndGlobalSection
EndGlobal
